
Microsoft Visual Studio Solution File, Format Version 12.00
# Visual Studio Version 17
VisualStudioVersion = 17.0.31903.59
MinimumVisualStudioVersion = 10.0.40219.1
Project("{FAE04EC0-301F-11D3-BF4B-00C04F79EFBC}") = "TeslaACDC.API", "TeslaACDC.API\TeslaACDC.API.csproj", "{C453983A-D8B8-49FE-86C2-FA05B14E07F5}"
EndProject
Project("{FAE04EC0-301F-11D3-BF4B-00C04F79EFBC}") = "TeslaACDC.Business", "TeslaACDC.Business\TeslaACDC.Business.csproj", "{8F969652-3BD7-48DE-8F3B-1C1198CBC401}"
EndProject
Project("{FAE04EC0-301F-11D3-BF4B-00C04F79EFBC}") = "TeslaACDC.Data", "TeslaACDC.Data\TeslaACDC.Data.csproj", "{5C605902-55F5-469C-926D-A0BC15A5A6C4}"
EndProject
Project("{FAE04EC0-301F-11D3-BF4B-00C04F79EFBC}") = "TeslaACDC.Testing", "TeslaACDC.Testing\TeslaACDC.Testing.csproj", "{C6C44D2B-F707-4205-BBBA-D8F4A96EAB9C}"
EndProject
Global
	GlobalSection(SolutionConfigurationPlatforms) = preSolution
		Debug|Any CPU = Debug|Any CPU
		Release|Any CPU = Release|Any CPU
	EndGlobalSection
	GlobalSection(ProjectConfigurationPlatforms) = postSolution
		{C453983A-D8B8-49FE-86C2-FA05B14E07F5}.Debug|Any CPU.ActiveCfg = Debug|Any CPU
		{C453983A-D8B8-49FE-86C2-FA05B14E07F5}.Debug|Any CPU.Build.0 = Debug|Any CPU
		{C453983A-D8B8-49FE-86C2-FA05B14E07F5}.Release|Any CPU.ActiveCfg = Release|Any CPU
		{C453983A-D8B8-49FE-86C2-FA05B14E07F5}.Release|Any CPU.Build.0 = Release|Any CPU
		{8F969652-3BD7-48DE-8F3B-1C1198CBC401}.Debug|Any CPU.ActiveCfg = Debug|Any CPU
		{8F969652-3BD7-48DE-8F3B-1C1198CBC401}.Debug|Any CPU.Build.0 = Debug|Any CPU
		{8F969652-3BD7-48DE-8F3B-1C1198CBC401}.Release|Any CPU.ActiveCfg = Release|Any CPU
		{8F969652-3BD7-48DE-8F3B-1C1198CBC401}.Release|Any CPU.Build.0 = Release|Any CPU
		{5C605902-55F5-469C-926D-A0BC15A5A6C4}.Debug|Any CPU.ActiveCfg = Debug|Any CPU
		{5C605902-55F5-469C-926D-A0BC15A5A6C4}.Debug|Any CPU.Build.0 = Debug|Any CPU
		{5C605902-55F5-469C-926D-A0BC15A5A6C4}.Release|Any CPU.ActiveCfg = Release|Any CPU
		{5C605902-55F5-469C-926D-A0BC15A5A6C4}.Release|Any CPU.Build.0 = Release|Any CPU
		{C6C44D2B-F707-4205-BBBA-D8F4A96EAB9C}.Debug|Any CPU.ActiveCfg = Debug|Any CPU
		{C6C44D2B-F707-4205-BBBA-D8F4A96EAB9C}.Debug|Any CPU.Build.0 = Debug|Any CPU
		{C6C44D2B-F707-4205-BBBA-D8F4A96EAB9C}.Release|Any CPU.ActiveCfg = Release|Any CPU
		{C6C44D2B-F707-4205-BBBA-D8F4A96EAB9C}.Release|Any CPU.Build.0 = Release|Any CPU
	EndGlobalSection
	GlobalSection(SolutionProperties) = preSolution
		HideSolutionNode = FALSE
	EndGlobalSection
EndGlobal
